
Microsoft Visual Studio Solution File, Format Version 12.00
# Visual Studio Version 16
VisualStudioVersion = 16.0.29911.84
MinimumVisualStudioVersion = 10.0.40219.1
Project("{FAE04EC0-301F-11D3-BF4B-00C04F79EFBC}") = "n3", "n3\n3.csproj", "{ACDA0463-9FEB-4769-9B9F-0BEC1985F108}"
EndProject
Global
	GlobalSection(SolutionConfigurationPlatforms) = preSolution
		Debug|Any CPU = Debug|Any CPU
		Release|Any CPU = Release|Any CPU
	EndGlobalSection
	GlobalSection(ProjectConfigurationPlatforms) = postSolution
		{ACDA0463-9FEB-4769-9B9F-0BEC1985F108}.Debug|Any CPU.ActiveCfg = Debug|Any CPU
		{ACDA0463-9FEB-4769-9B9F-0BEC1985F108}.Debug|Any CPU.Build.0 = Debug|Any CPU
		{ACDA0463-9FEB-4769-9B9F-0BEC1985F108}.Release|Any CPU.ActiveCfg = Release|Any CPU
		{ACDA0463-9FEB-4769-9B9F-0BEC1985F108}.Release|Any CPU.Build.0 = Release|Any CPU
	EndGlobalSection
	GlobalSection(SolutionProperties) = preSolution
		HideSolutionNode = FALSE
	EndGlobalSection
	GlobalSection(ExtensibilityGlobals) = postSolution
		SolutionGuid = {EA0215BB-9B8C-4313-A3DA-58A582AE14FE}
	EndGlobalSection
EndGlobal
