
Microsoft Visual Studio Solution File, Format Version 12.00
# Visual Studio Version 16
VisualStudioVersion = 16.0.30002.166
MinimumVisualStudioVersion = 10.0.40219.1
Project("{9A19103F-16F7-4668-BE54-9A1E7A4F7556}") = "ThirdLab(1st fix)", "3lab\ThirdLab(1st fix).csproj", "{2ECDA063-F313-42F1-8527-7CC6A2EAEF02}"
EndProject
Global
	GlobalSection(SolutionConfigurationPlatforms) = preSolution
		Debug|Any CPU = Debug|Any CPU
		Release|Any CPU = Release|Any CPU
	EndGlobalSection
	GlobalSection(ProjectConfigurationPlatforms) = postSolution
		{2ECDA063-F313-42F1-8527-7CC6A2EAEF02}.Debug|Any CPU.ActiveCfg = Debug|Any CPU
		{2ECDA063-F313-42F1-8527-7CC6A2EAEF02}.Debug|Any CPU.Build.0 = Debug|Any CPU
		{2ECDA063-F313-42F1-8527-7CC6A2EAEF02}.Release|Any CPU.ActiveCfg = Release|Any CPU
		{2ECDA063-F313-42F1-8527-7CC6A2EAEF02}.Release|Any CPU.Build.0 = Release|Any CPU
	EndGlobalSection
	GlobalSection(SolutionProperties) = preSolution
		HideSolutionNode = FALSE
	EndGlobalSection
	GlobalSection(ExtensibilityGlobals) = postSolution
		SolutionGuid = {FC418C98-8D38-48E1-8AF0-341171051822}
	EndGlobalSection
EndGlobal
